
Microsoft Visual Studio Solution File, Format Version 12.00
# Visual Studio Version 17
VisualStudioVersion = 17.14.36616.10 d17.14
MinimumVisualStudioVersion = 10.0.40219.1
Project("{FAE04EC0-301F-11D3-BF4B-00C04F79EFBC}") = "213Project", "213Project\213Project.csproj", "{4F24AD7E-3D5B-45BF-BF60-E5BF68A44AFE}"
EndProject
Global
	GlobalSection(SolutionConfigurationPlatforms) = preSolution
		Debug|Any CPU = Debug|Any CPU
		Release|Any CPU = Release|Any CPU
	EndGlobalSection
	GlobalSection(ProjectConfigurationPlatforms) = postSolution
		{4F24AD7E-3D5B-45BF-BF60-E5BF68A44AFE}.Debug|Any CPU.ActiveCfg = Debug|Any CPU
		{4F24AD7E-3D5B-45BF-BF60-E5BF68A44AFE}.Debug|Any CPU.Build.0 = Debug|Any CPU
		{4F24AD7E-3D5B-45BF-BF60-E5BF68A44AFE}.Release|Any CPU.ActiveCfg = Release|Any CPU
		{4F24AD7E-3D5B-45BF-BF60-E5BF68A44AFE}.Release|Any CPU.Build.0 = Release|Any CPU
	EndGlobalSection
	GlobalSection(SolutionProperties) = preSolution
		HideSolutionNode = FALSE
	EndGlobalSection
	GlobalSection(ExtensibilityGlobals) = postSolution
		SolutionGuid = {EBAF7899-9870-4016-9D36-2B0DBC3E60D3}
	EndGlobalSection
EndGlobal
